
Microsoft Visual Studio Solution File, Format Version 12.00
# Visual Studio Version 17
VisualStudioVersion = 17.0.31903.59
MinimumVisualStudioVersion = 10.0.40219.1
Project("{2150E333-8FDC-42A3-9474-1A3956D46DE8}") = "src", "src", "{2FBE6089-41C4-463D-B612-39B278D8FF8D}"
EndProject
Project("{FAE04EC0-301F-11D3-BF4B-00C04F79EFBC}") = "AuctionService", "src\AuctionService\AuctionService.csproj", "{BA798187-3471-404C-A701-2CE46BD696B2}"
EndProject
Project("{FAE04EC0-301F-11D3-BF4B-00C04F79EFBC}") = "SearchService", "src\SearchService\SearchService.csproj", "{89740CDE-EE50-4801-92E5-737B90D5F3C9}"
EndProject
Project("{FAE04EC0-301F-11D3-BF4B-00C04F79EFBC}") = "Contracts", "src\Contracts\Contracts.csproj", "{EE5D3D73-F93D-4E40-A4A7-9C6E1EC87FEF}"
EndProject
Project("{FAE04EC0-301F-11D3-BF4B-00C04F79EFBC}") = "IdentityService", "src\IdentityService\IdentityService.csproj", "{72DBE8C0-D094-4F0B-B814-22622994F652}"
EndProject
Project("{FAE04EC0-301F-11D3-BF4B-00C04F79EFBC}") = "GatewayService", "src\GatewayService\GatewayService.csproj", "{31AC38E7-1827-4160-982A-AEF817F2F0D0}"
EndProject
Project("{FAE04EC0-301F-11D3-BF4B-00C04F79EFBC}") = "BiddingService", "src\BiddingService\BiddingService.csproj", "{73430C04-ABEF-4B2B-996B-7A9442E4F64A}"
EndProject
Global
	GlobalSection(SolutionConfigurationPlatforms) = preSolution
		Debug|Any CPU = Debug|Any CPU
		Release|Any CPU = Release|Any CPU
	EndGlobalSection
	GlobalSection(SolutionProperties) = preSolution
		HideSolutionNode = FALSE
	EndGlobalSection
	GlobalSection(ProjectConfigurationPlatforms) = postSolution
		{BA798187-3471-404C-A701-2CE46BD696B2}.Debug|Any CPU.ActiveCfg = Debug|Any CPU
		{BA798187-3471-404C-A701-2CE46BD696B2}.Debug|Any CPU.Build.0 = Debug|Any CPU
		{BA798187-3471-404C-A701-2CE46BD696B2}.Release|Any CPU.ActiveCfg = Release|Any CPU
		{BA798187-3471-404C-A701-2CE46BD696B2}.Release|Any CPU.Build.0 = Release|Any CPU
		{89740CDE-EE50-4801-92E5-737B90D5F3C9}.Debug|Any CPU.ActiveCfg = Debug|Any CPU
		{89740CDE-EE50-4801-92E5-737B90D5F3C9}.Debug|Any CPU.Build.0 = Debug|Any CPU
		{89740CDE-EE50-4801-92E5-737B90D5F3C9}.Release|Any CPU.ActiveCfg = Release|Any CPU
		{89740CDE-EE50-4801-92E5-737B90D5F3C9}.Release|Any CPU.Build.0 = Release|Any CPU
		{EE5D3D73-F93D-4E40-A4A7-9C6E1EC87FEF}.Debug|Any CPU.ActiveCfg = Debug|Any CPU
		{EE5D3D73-F93D-4E40-A4A7-9C6E1EC87FEF}.Debug|Any CPU.Build.0 = Debug|Any CPU
		{EE5D3D73-F93D-4E40-A4A7-9C6E1EC87FEF}.Release|Any CPU.ActiveCfg = Release|Any CPU
		{EE5D3D73-F93D-4E40-A4A7-9C6E1EC87FEF}.Release|Any CPU.Build.0 = Release|Any CPU
		{72DBE8C0-D094-4F0B-B814-22622994F652}.Debug|Any CPU.ActiveCfg = Debug|Any CPU
		{72DBE8C0-D094-4F0B-B814-22622994F652}.Debug|Any CPU.Build.0 = Debug|Any CPU
		{72DBE8C0-D094-4F0B-B814-22622994F652}.Release|Any CPU.ActiveCfg = Release|Any CPU
		{72DBE8C0-D094-4F0B-B814-22622994F652}.Release|Any CPU.Build.0 = Release|Any CPU
		{31AC38E7-1827-4160-982A-AEF817F2F0D0}.Debug|Any CPU.ActiveCfg = Debug|Any CPU
		{31AC38E7-1827-4160-982A-AEF817F2F0D0}.Debug|Any CPU.Build.0 = Debug|Any CPU
		{31AC38E7-1827-4160-982A-AEF817F2F0D0}.Release|Any CPU.ActiveCfg = Release|Any CPU
		{31AC38E7-1827-4160-982A-AEF817F2F0D0}.Release|Any CPU.Build.0 = Release|Any CPU
		{73430C04-ABEF-4B2B-996B-7A9442E4F64A}.Debug|Any CPU.ActiveCfg = Debug|Any CPU
		{73430C04-ABEF-4B2B-996B-7A9442E4F64A}.Debug|Any CPU.Build.0 = Debug|Any CPU
		{73430C04-ABEF-4B2B-996B-7A9442E4F64A}.Release|Any CPU.ActiveCfg = Release|Any CPU
		{73430C04-ABEF-4B2B-996B-7A9442E4F64A}.Release|Any CPU.Build.0 = Release|Any CPU
	EndGlobalSection
	GlobalSection(NestedProjects) = preSolution
		{BA798187-3471-404C-A701-2CE46BD696B2} = {2FBE6089-41C4-463D-B612-39B278D8FF8D}
		{89740CDE-EE50-4801-92E5-737B90D5F3C9} = {2FBE6089-41C4-463D-B612-39B278D8FF8D}
		{EE5D3D73-F93D-4E40-A4A7-9C6E1EC87FEF} = {2FBE6089-41C4-463D-B612-39B278D8FF8D}
		{72DBE8C0-D094-4F0B-B814-22622994F652} = {2FBE6089-41C4-463D-B612-39B278D8FF8D}
		{31AC38E7-1827-4160-982A-AEF817F2F0D0} = {2FBE6089-41C4-463D-B612-39B278D8FF8D}
		{73430C04-ABEF-4B2B-996B-7A9442E4F64A} = {2FBE6089-41C4-463D-B612-39B278D8FF8D}
	EndGlobalSection
EndGlobal
